
Microsoft Visual Studio Solution File, Format Version 12.00
# Visual Studio 14
VisualStudioVersion = 14.0.25123.0
MinimumVisualStudioVersion = 10.0.40219.1
Project("{2150E333-8FDC-42A3-9474-1A3956D46DE8}") = "src", "src", "{AF7FB2CD-D08E-4FBD-8693-8CD65F1EDA73}"
EndProject
Project("{2150E333-8FDC-42A3-9474-1A3956D46DE8}") = "Solution Items", "Solution Items", "{767B3E50-E1D5-4126-8B49-6D8038D771DD}"
	ProjectSection(SolutionItems) = preProject
		global.json = global.json
	EndProjectSection
EndProject
Project("{8BB2217D-0F2D-49D1-97BC-3654ED321F3B}") = "WebApplication1", "src\WebApplication1\WebApplication1.xproj", "{B6CA62E7-D2FF-48DA-9C75-CF75CD92D101}"
EndProject
Global
	GlobalSection(SolutionConfigurationPlatforms) = preSolution
		Debug|Any CPU = Debug|Any CPU
		Release|Any CPU = Release|Any CPU
	EndGlobalSection
	GlobalSection(ProjectConfigurationPlatforms) = postSolution
		{B6CA62E7-D2FF-48DA-9C75-CF75CD92D101}.Debug|Any CPU.ActiveCfg = Debug|Any CPU
		{B6CA62E7-D2FF-48DA-9C75-CF75CD92D101}.Debug|Any CPU.Build.0 = Debug|Any CPU
		{B6CA62E7-D2FF-48DA-9C75-CF75CD92D101}.Release|Any CPU.ActiveCfg = Release|Any CPU
		{B6CA62E7-D2FF-48DA-9C75-CF75CD92D101}.Release|Any CPU.Build.0 = Release|Any CPU
	EndGlobalSection
	GlobalSection(SolutionProperties) = preSolution
		HideSolutionNode = FALSE
	EndGlobalSection
	GlobalSection(NestedProjects) = preSolution
		{B6CA62E7-D2FF-48DA-9C75-CF75CD92D101} = {AF7FB2CD-D08E-4FBD-8693-8CD65F1EDA73}
	EndGlobalSection
EndGlobal
